
Microsoft Visual Studio Solution File, Format Version 12.00
# Visual Studio Version 17
VisualStudioVersion = 17.14.36623.8
MinimumVisualStudioVersion = 10.0.40219.1
Project("{FAE04EC0-301F-11D3-BF4B-00C04F79EFBC}") = "LabActivity_1_Setup", "LabActivity_1_Setup\LabActivity_1_Setup.csproj", "{C8091E52-39B4-4827-8E94-035FDB151D2B}"
EndProject
Project("{FAE04EC0-301F-11D3-BF4B-00C04F79EFBC}") = "LabActivity_2_BasicSyntax", "LabActivity_2_BasicSyntax\LabActivity_2_BasicSyntax.csproj", "{C4DA6D76-C71C-4799-AB92-110D6DA7504A}"
EndProject
Project("{FAE04EC0-301F-11D3-BF4B-00C04F79EFBC}") = "LabActivity_3_LoopsAndFunctions", "LabActivity_3_LoopsAndFunctions\LabActivity_3_LoopsAndFunctions.csproj", "{08607332-D556-4CD6-9EE2-D7C4DB576486}"
EndProject
Project("{FAE04EC0-301F-11D3-BF4B-00C04F79EFBC}") = "LabActivity_4_Arrays", "LabActivity_4_Arrays\LabActivity_4_Arrays.csproj", "{CC63F7B4-9125-4E50-A2FB-D3F17D54F1FE}"
EndProject
Global
	GlobalSection(SolutionConfigurationPlatforms) = preSolution
		Debug|Any CPU = Debug|Any CPU
		Release|Any CPU = Release|Any CPU
	EndGlobalSection
	GlobalSection(ProjectConfigurationPlatforms) = postSolution
		{C8091E52-39B4-4827-8E94-035FDB151D2B}.Debug|Any CPU.ActiveCfg = Debug|Any CPU
		{C8091E52-39B4-4827-8E94-035FDB151D2B}.Debug|Any CPU.Build.0 = Debug|Any CPU
		{C8091E52-39B4-4827-8E94-035FDB151D2B}.Release|Any CPU.ActiveCfg = Release|Any CPU
		{C8091E52-39B4-4827-8E94-035FDB151D2B}.Release|Any CPU.Build.0 = Release|Any CPU
		{C4DA6D76-C71C-4799-AB92-110D6DA7504A}.Debug|Any CPU.ActiveCfg = Debug|Any CPU
		{C4DA6D76-C71C-4799-AB92-110D6DA7504A}.Debug|Any CPU.Build.0 = Debug|Any CPU
		{C4DA6D76-C71C-4799-AB92-110D6DA7504A}.Release|Any CPU.ActiveCfg = Release|Any CPU
		{C4DA6D76-C71C-4799-AB92-110D6DA7504A}.Release|Any CPU.Build.0 = Release|Any CPU
		{08607332-D556-4CD6-9EE2-D7C4DB576486}.Debug|Any CPU.ActiveCfg = Debug|Any CPU
		{08607332-D556-4CD6-9EE2-D7C4DB576486}.Debug|Any CPU.Build.0 = Debug|Any CPU
		{08607332-D556-4CD6-9EE2-D7C4DB576486}.Release|Any CPU.ActiveCfg = Release|Any CPU
		{08607332-D556-4CD6-9EE2-D7C4DB576486}.Release|Any CPU.Build.0 = Release|Any CPU
		{CC63F7B4-9125-4E50-A2FB-D3F17D54F1FE}.Debug|Any CPU.ActiveCfg = Debug|Any CPU
		{CC63F7B4-9125-4E50-A2FB-D3F17D54F1FE}.Debug|Any CPU.Build.0 = Debug|Any CPU
		{CC63F7B4-9125-4E50-A2FB-D3F17D54F1FE}.Release|Any CPU.ActiveCfg = Release|Any CPU
		{CC63F7B4-9125-4E50-A2FB-D3F17D54F1FE}.Release|Any CPU.Build.0 = Release|Any CPU
	EndGlobalSection
	GlobalSection(SolutionProperties) = preSolution
		HideSolutionNode = FALSE
	EndGlobalSection
	GlobalSection(ExtensibilityGlobals) = postSolution
		SolutionGuid = {FB922108-F851-47C3-A107-CFF2E31CF545}
	EndGlobalSection
EndGlobal
